
Microsoft Visual Studio Solution File, Format Version 12.00
# Visual Studio Version 16
VisualStudioVersion = 16.0.30011.22
MinimumVisualStudioVersion = 10.0.40219.1
Project("{8BC9CEB8-8B4A-11D0-8D11-00A0C91BC942}") = "Lab_5", "Lab_5\Lab_5.vcxproj", "{51417FC7-7C3D-4129-AEEF-BBE22691D432}"
EndProject
Global
	GlobalSection(SolutionConfigurationPlatforms) = preSolution
		Debug|x64 = Debug|x64
		Debug|x86 = Debug|x86
		Release|x64 = Release|x64
		Release|x86 = Release|x86
	EndGlobalSection
	GlobalSection(ProjectConfigurationPlatforms) = postSolution
		{51417FC7-7C3D-4129-AEEF-BBE22691D432}.Debug|x64.ActiveCfg = Debug|x64
		{51417FC7-7C3D-4129-AEEF-BBE22691D432}.Debug|x64.Build.0 = Debug|x64
		{51417FC7-7C3D-4129-AEEF-BBE22691D432}.Debug|x86.ActiveCfg = Debug|Win32
		{51417FC7-7C3D-4129-AEEF-BBE22691D432}.Debug|x86.Build.0 = Debug|Win32
		{51417FC7-7C3D-4129-AEEF-BBE22691D432}.Release|x64.ActiveCfg = Release|x64
		{51417FC7-7C3D-4129-AEEF-BBE22691D432}.Release|x64.Build.0 = Release|x64
		{51417FC7-7C3D-4129-AEEF-BBE22691D432}.Release|x86.ActiveCfg = Release|Win32
		{51417FC7-7C3D-4129-AEEF-BBE22691D432}.Release|x86.Build.0 = Release|Win32
	EndGlobalSection
	GlobalSection(SolutionProperties) = preSolution
		HideSolutionNode = FALSE
	EndGlobalSection
	GlobalSection(ExtensibilityGlobals) = postSolution
		SolutionGuid = {7515ADB5-5FF8-4459-B3A2-56B3E6A3708B}
	EndGlobalSection
EndGlobal
